
Microsoft Visual Studio Solution File, Format Version 12.00
# Visual Studio Version 16
VisualStudioVersion = 16.6.30114.105
MinimumVisualStudioVersion = 10.0.40219.1
Project("{F2A71F9B-5D33-465A-A702-920D77279786}") = "typelevel", "typelevel\typelevel.fsproj", "{2755B86B-BD7C-417D-AF9B-964F17F25806}"
EndProject
Project("{F2A71F9B-5D33-465A-A702-920D77279786}") = "typeprovider", "typeprovider\typeprovider.fsproj", "{879798FA-3127-46CC-B7F4-193C033D1844}"
EndProject
Project("{F2A71F9B-5D33-465A-A702-920D77279786}") = "experiment", "experiment\experiment.fsproj", "{1C86327C-AF4F-49E7-BF89-D3D471DD9929}"
EndProject
Global
	GlobalSection(SolutionConfigurationPlatforms) = preSolution
		Debug|Any CPU = Debug|Any CPU
		Debug|x64 = Debug|x64
		Debug|x86 = Debug|x86
		Release|Any CPU = Release|Any CPU
		Release|x64 = Release|x64
		Release|x86 = Release|x86
	EndGlobalSection
	GlobalSection(SolutionProperties) = preSolution
		HideSolutionNode = FALSE
	EndGlobalSection
	GlobalSection(ProjectConfigurationPlatforms) = postSolution
		{2755B86B-BD7C-417D-AF9B-964F17F25806}.Debug|Any CPU.ActiveCfg = Debug|Any CPU
		{2755B86B-BD7C-417D-AF9B-964F17F25806}.Debug|Any CPU.Build.0 = Debug|Any CPU
		{2755B86B-BD7C-417D-AF9B-964F17F25806}.Debug|x64.ActiveCfg = Debug|Any CPU
		{2755B86B-BD7C-417D-AF9B-964F17F25806}.Debug|x64.Build.0 = Debug|Any CPU
		{2755B86B-BD7C-417D-AF9B-964F17F25806}.Debug|x86.ActiveCfg = Debug|Any CPU
		{2755B86B-BD7C-417D-AF9B-964F17F25806}.Debug|x86.Build.0 = Debug|Any CPU
		{2755B86B-BD7C-417D-AF9B-964F17F25806}.Release|Any CPU.ActiveCfg = Release|Any CPU
		{2755B86B-BD7C-417D-AF9B-964F17F25806}.Release|Any CPU.Build.0 = Release|Any CPU
		{2755B86B-BD7C-417D-AF9B-964F17F25806}.Release|x64.ActiveCfg = Release|Any CPU
		{2755B86B-BD7C-417D-AF9B-964F17F25806}.Release|x64.Build.0 = Release|Any CPU
		{2755B86B-BD7C-417D-AF9B-964F17F25806}.Release|x86.ActiveCfg = Release|Any CPU
		{2755B86B-BD7C-417D-AF9B-964F17F25806}.Release|x86.Build.0 = Release|Any CPU
		{879798FA-3127-46CC-B7F4-193C033D1844}.Debug|Any CPU.ActiveCfg = Debug|Any CPU
		{879798FA-3127-46CC-B7F4-193C033D1844}.Debug|Any CPU.Build.0 = Debug|Any CPU
		{879798FA-3127-46CC-B7F4-193C033D1844}.Debug|x64.ActiveCfg = Debug|Any CPU
		{879798FA-3127-46CC-B7F4-193C033D1844}.Debug|x64.Build.0 = Debug|Any CPU
		{879798FA-3127-46CC-B7F4-193C033D1844}.Debug|x86.ActiveCfg = Debug|Any CPU
		{879798FA-3127-46CC-B7F4-193C033D1844}.Debug|x86.Build.0 = Debug|Any CPU
		{879798FA-3127-46CC-B7F4-193C033D1844}.Release|Any CPU.ActiveCfg = Release|Any CPU
		{879798FA-3127-46CC-B7F4-193C033D1844}.Release|Any CPU.Build.0 = Release|Any CPU
		{879798FA-3127-46CC-B7F4-193C033D1844}.Release|x64.ActiveCfg = Release|Any CPU
		{879798FA-3127-46CC-B7F4-193C033D1844}.Release|x64.Build.0 = Release|Any CPU
		{879798FA-3127-46CC-B7F4-193C033D1844}.Release|x86.ActiveCfg = Release|Any CPU
		{879798FA-3127-46CC-B7F4-193C033D1844}.Release|x86.Build.0 = Release|Any CPU
		{1C86327C-AF4F-49E7-BF89-D3D471DD9929}.Debug|Any CPU.ActiveCfg = Debug|Any CPU
		{1C86327C-AF4F-49E7-BF89-D3D471DD9929}.Debug|Any CPU.Build.0 = Debug|Any CPU
		{1C86327C-AF4F-49E7-BF89-D3D471DD9929}.Debug|x64.ActiveCfg = Debug|Any CPU
		{1C86327C-AF4F-49E7-BF89-D3D471DD9929}.Debug|x64.Build.0 = Debug|Any CPU
		{1C86327C-AF4F-49E7-BF89-D3D471DD9929}.Debug|x86.ActiveCfg = Debug|Any CPU
		{1C86327C-AF4F-49E7-BF89-D3D471DD9929}.Debug|x86.Build.0 = Debug|Any CPU
		{1C86327C-AF4F-49E7-BF89-D3D471DD9929}.Release|Any CPU.ActiveCfg = Release|Any CPU
		{1C86327C-AF4F-49E7-BF89-D3D471DD9929}.Release|Any CPU.Build.0 = Release|Any CPU
		{1C86327C-AF4F-49E7-BF89-D3D471DD9929}.Release|x64.ActiveCfg = Release|Any CPU
		{1C86327C-AF4F-49E7-BF89-D3D471DD9929}.Release|x64.Build.0 = Release|Any CPU
		{1C86327C-AF4F-49E7-BF89-D3D471DD9929}.Release|x86.ActiveCfg = Release|Any CPU
		{1C86327C-AF4F-49E7-BF89-D3D471DD9929}.Release|x86.Build.0 = Release|Any CPU
	EndGlobalSection
EndGlobal
